
Microsoft Visual Studio Solution File, Format Version 12.00
# Visual Studio 15
VisualStudioVersion = 15.0.28307.106
MinimumVisualStudioVersion = 10.0.40219.1
Project("{FAE04EC0-301F-11D3-BF4B-00C04F79EFBC}") = "FS.net", "FS.net\FS.net.csproj", "{0FC38259-12EF-4494-8B0E-28DEB92730CF}"
EndProject
Project("{FAE04EC0-301F-11D3-BF4B-00C04F79EFBC}") = "FS.DAL", "FS.DAL\FS.DAL.csproj", "{CD5246C4-EAE0-4145-A558-2852E7F8732F}"
EndProject
Project("{FAE04EC0-301F-11D3-BF4B-00C04F79EFBC}") = "FS.BLL", "FS.BLL\FS.BLL.csproj", "{EC13E66B-C684-4D5C-BBE8-7C458936B3C2}"
EndProject
Project("{FAE04EC0-301F-11D3-BF4B-00C04F79EFBC}") = "FS.MVC", "FS.MVC\FS.MVC.csproj", "{DDCD5C66-F76C-4FBB-BE7A-6C9D33CACBE9}"
EndProject
Project("{FAE04EC0-301F-11D3-BF4B-00C04F79EFBC}") = "FS.Framework", "FS.Framework\FS.Framework.csproj", "{AAE22E22-9EFA-443F-B335-F9379BFE1FBA}"
EndProject
Project("{FAE04EC0-301F-11D3-BF4B-00C04F79EFBC}") = "FS.Common", "FS.Common\FS.Common.csproj", "{0CD737F7-4D43-4167-9322-073F34C2DE3A}"
EndProject
Project("{FAE04EC0-301F-11D3-BF4B-00C04F79EFBC}") = "FS.Crawler", "FS.Crawler\FS.Crawler.csproj", "{FAF356C4-3899-4741-9D4D-726DEAB64E0F}"
EndProject
Project("{FAE04EC0-301F-11D3-BF4B-00C04F79EFBC}") = "FS.API", "FS.API\FS.API.csproj", "{1A737CC0-AB1C-4432-8851-596CDDBDFDDD}"
EndProject
Global
	GlobalSection(SolutionConfigurationPlatforms) = preSolution
		Debug|Any CPU = Debug|Any CPU
		Debug|iPhone = Debug|iPhone
		Debug|iPhoneSimulator = Debug|iPhoneSimulator
		Release|Any CPU = Release|Any CPU
		Release|iPhone = Release|iPhone
		Release|iPhoneSimulator = Release|iPhoneSimulator
	EndGlobalSection
	GlobalSection(ProjectConfigurationPlatforms) = postSolution
		{0FC38259-12EF-4494-8B0E-28DEB92730CF}.Debug|Any CPU.ActiveCfg = Debug|Any CPU
		{0FC38259-12EF-4494-8B0E-28DEB92730CF}.Debug|Any CPU.Build.0 = Debug|Any CPU
		{0FC38259-12EF-4494-8B0E-28DEB92730CF}.Debug|iPhone.ActiveCfg = Debug|Any CPU
		{0FC38259-12EF-4494-8B0E-28DEB92730CF}.Debug|iPhone.Build.0 = Debug|Any CPU
		{0FC38259-12EF-4494-8B0E-28DEB92730CF}.Debug|iPhoneSimulator.ActiveCfg = Debug|Any CPU
		{0FC38259-12EF-4494-8B0E-28DEB92730CF}.Debug|iPhoneSimulator.Build.0 = Debug|Any CPU
		{0FC38259-12EF-4494-8B0E-28DEB92730CF}.Release|Any CPU.ActiveCfg = Release|Any CPU
		{0FC38259-12EF-4494-8B0E-28DEB92730CF}.Release|Any CPU.Build.0 = Release|Any CPU
		{0FC38259-12EF-4494-8B0E-28DEB92730CF}.Release|iPhone.ActiveCfg = Release|Any CPU
		{0FC38259-12EF-4494-8B0E-28DEB92730CF}.Release|iPhone.Build.0 = Release|Any CPU
		{0FC38259-12EF-4494-8B0E-28DEB92730CF}.Release|iPhoneSimulator.ActiveCfg = Release|Any CPU
		{0FC38259-12EF-4494-8B0E-28DEB92730CF}.Release|iPhoneSimulator.Build.0 = Release|Any CPU
		{CD5246C4-EAE0-4145-A558-2852E7F8732F}.Debug|Any CPU.ActiveCfg = Debug|Any CPU
		{CD5246C4-EAE0-4145-A558-2852E7F8732F}.Debug|Any CPU.Build.0 = Debug|Any CPU
		{CD5246C4-EAE0-4145-A558-2852E7F8732F}.Debug|iPhone.ActiveCfg = Debug|Any CPU
		{CD5246C4-EAE0-4145-A558-2852E7F8732F}.Debug|iPhone.Build.0 = Debug|Any CPU
		{CD5246C4-EAE0-4145-A558-2852E7F8732F}.Debug|iPhoneSimulator.ActiveCfg = Debug|Any CPU
		{CD5246C4-EAE0-4145-A558-2852E7F8732F}.Debug|iPhoneSimulator.Build.0 = Debug|Any CPU
		{CD5246C4-EAE0-4145-A558-2852E7F8732F}.Release|Any CPU.ActiveCfg = Release|Any CPU
		{CD5246C4-EAE0-4145-A558-2852E7F8732F}.Release|Any CPU.Build.0 = Release|Any CPU
		{CD5246C4-EAE0-4145-A558-2852E7F8732F}.Release|iPhone.ActiveCfg = Release|Any CPU
		{CD5246C4-EAE0-4145-A558-2852E7F8732F}.Release|iPhone.Build.0 = Release|Any CPU
		{CD5246C4-EAE0-4145-A558-2852E7F8732F}.Release|iPhoneSimulator.ActiveCfg = Release|Any CPU
		{CD5246C4-EAE0-4145-A558-2852E7F8732F}.Release|iPhoneSimulator.Build.0 = Release|Any CPU
		{EC13E66B-C684-4D5C-BBE8-7C458936B3C2}.Debug|Any CPU.ActiveCfg = Debug|Any CPU
		{EC13E66B-C684-4D5C-BBE8-7C458936B3C2}.Debug|Any CPU.Build.0 = Debug|Any CPU
		{EC13E66B-C684-4D5C-BBE8-7C458936B3C2}.Debug|iPhone.ActiveCfg = Debug|Any CPU
		{EC13E66B-C684-4D5C-BBE8-7C458936B3C2}.Debug|iPhone.Build.0 = Debug|Any CPU
		{EC13E66B-C684-4D5C-BBE8-7C458936B3C2}.Debug|iPhoneSimulator.ActiveCfg = Debug|Any CPU
		{EC13E66B-C684-4D5C-BBE8-7C458936B3C2}.Debug|iPhoneSimulator.Build.0 = Debug|Any CPU
		{EC13E66B-C684-4D5C-BBE8-7C458936B3C2}.Release|Any CPU.ActiveCfg = Release|Any CPU
		{EC13E66B-C684-4D5C-BBE8-7C458936B3C2}.Release|Any CPU.Build.0 = Release|Any CPU
		{EC13E66B-C684-4D5C-BBE8-7C458936B3C2}.Release|iPhone.ActiveCfg = Release|Any CPU
		{EC13E66B-C684-4D5C-BBE8-7C458936B3C2}.Release|iPhone.Build.0 = Release|Any CPU
		{EC13E66B-C684-4D5C-BBE8-7C458936B3C2}.Release|iPhoneSimulator.ActiveCfg = Release|Any CPU
		{EC13E66B-C684-4D5C-BBE8-7C458936B3C2}.Release|iPhoneSimulator.Build.0 = Release|Any CPU
		{DDCD5C66-F76C-4FBB-BE7A-6C9D33CACBE9}.Debug|Any CPU.ActiveCfg = Debug|Any CPU
		{DDCD5C66-F76C-4FBB-BE7A-6C9D33CACBE9}.Debug|Any CPU.Build.0 = Debug|Any CPU
		{DDCD5C66-F76C-4FBB-BE7A-6C9D33CACBE9}.Debug|iPhone.ActiveCfg = Debug|Any CPU
		{DDCD5C66-F76C-4FBB-BE7A-6C9D33CACBE9}.Debug|iPhone.Build.0 = Debug|Any CPU
		{DDCD5C66-F76C-4FBB-BE7A-6C9D33CACBE9}.Debug|iPhoneSimulator.ActiveCfg = Debug|Any CPU
		{DDCD5C66-F76C-4FBB-BE7A-6C9D33CACBE9}.Debug|iPhoneSimulator.Build.0 = Debug|Any CPU
		{DDCD5C66-F76C-4FBB-BE7A-6C9D33CACBE9}.Release|Any CPU.ActiveCfg = Release|Any CPU
		{DDCD5C66-F76C-4FBB-BE7A-6C9D33CACBE9}.Release|Any CPU.Build.0 = Release|Any CPU
		{DDCD5C66-F76C-4FBB-BE7A-6C9D33CACBE9}.Release|iPhone.ActiveCfg = Release|Any CPU
		{DDCD5C66-F76C-4FBB-BE7A-6C9D33CACBE9}.Release|iPhone.Build.0 = Release|Any CPU
		{DDCD5C66-F76C-4FBB-BE7A-6C9D33CACBE9}.Release|iPhoneSimulator.ActiveCfg = Release|Any CPU
		{DDCD5C66-F76C-4FBB-BE7A-6C9D33CACBE9}.Release|iPhoneSimulator.Build.0 = Release|Any CPU
		{AAE22E22-9EFA-443F-B335-F9379BFE1FBA}.Debug|Any CPU.ActiveCfg = Debug|Any CPU
		{AAE22E22-9EFA-443F-B335-F9379BFE1FBA}.Debug|Any CPU.Build.0 = Debug|Any CPU
		{AAE22E22-9EFA-443F-B335-F9379BFE1FBA}.Debug|iPhone.ActiveCfg = Debug|Any CPU
		{AAE22E22-9EFA-443F-B335-F9379BFE1FBA}.Debug|iPhone.Build.0 = Debug|Any CPU
		{AAE22E22-9EFA-443F-B335-F9379BFE1FBA}.Debug|iPhoneSimulator.ActiveCfg = Debug|Any CPU
		{AAE22E22-9EFA-443F-B335-F9379BFE1FBA}.Debug|iPhoneSimulator.Build.0 = Debug|Any CPU
		{AAE22E22-9EFA-443F-B335-F9379BFE1FBA}.Release|Any CPU.ActiveCfg = Release|Any CPU
		{AAE22E22-9EFA-443F-B335-F9379BFE1FBA}.Release|Any CPU.Build.0 = Release|Any CPU
		{AAE22E22-9EFA-443F-B335-F9379BFE1FBA}.Release|iPhone.ActiveCfg = Release|Any CPU
		{AAE22E22-9EFA-443F-B335-F9379BFE1FBA}.Release|iPhone.Build.0 = Release|Any CPU
		{AAE22E22-9EFA-443F-B335-F9379BFE1FBA}.Release|iPhoneSimulator.ActiveCfg = Release|Any CPU
		{AAE22E22-9EFA-443F-B335-F9379BFE1FBA}.Release|iPhoneSimulator.Build.0 = Release|Any CPU
		{0CD737F7-4D43-4167-9322-073F34C2DE3A}.Debug|Any CPU.ActiveCfg = Debug|Any CPU
		{0CD737F7-4D43-4167-9322-073F34C2DE3A}.Debug|Any CPU.Build.0 = Debug|Any CPU
		{0CD737F7-4D43-4167-9322-073F34C2DE3A}.Debug|iPhone.ActiveCfg = Debug|Any CPU
		{0CD737F7-4D43-4167-9322-073F34C2DE3A}.Debug|iPhone.Build.0 = Debug|Any CPU
		{0CD737F7-4D43-4167-9322-073F34C2DE3A}.Debug|iPhoneSimulator.ActiveCfg = Debug|Any CPU
		{0CD737F7-4D43-4167-9322-073F34C2DE3A}.Debug|iPhoneSimulator.Build.0 = Debug|Any CPU
		{0CD737F7-4D43-4167-9322-073F34C2DE3A}.Release|Any CPU.ActiveCfg = Release|Any CPU
		{0CD737F7-4D43-4167-9322-073F34C2DE3A}.Release|Any CPU.Build.0 = Release|Any CPU
		{0CD737F7-4D43-4167-9322-073F34C2DE3A}.Release|iPhone.ActiveCfg = Release|Any CPU
		{0CD737F7-4D43-4167-9322-073F34C2DE3A}.Release|iPhone.Build.0 = Release|Any CPU
		{0CD737F7-4D43-4167-9322-073F34C2DE3A}.Release|iPhoneSimulator.ActiveCfg = Release|Any CPU
		{0CD737F7-4D43-4167-9322-073F34C2DE3A}.Release|iPhoneSimulator.Build.0 = Release|Any CPU
		{FAF356C4-3899-4741-9D4D-726DEAB64E0F}.Debug|Any CPU.ActiveCfg = Debug|Any CPU
		{FAF356C4-3899-4741-9D4D-726DEAB64E0F}.Debug|Any CPU.Build.0 = Debug|Any CPU
		{FAF356C4-3899-4741-9D4D-726DEAB64E0F}.Debug|iPhone.ActiveCfg = Debug|Any CPU
		{FAF356C4-3899-4741-9D4D-726DEAB64E0F}.Debug|iPhone.Build.0 = Debug|Any CPU
		{FAF356C4-3899-4741-9D4D-726DEAB64E0F}.Debug|iPhoneSimulator.ActiveCfg = Debug|Any CPU
		{FAF356C4-3899-4741-9D4D-726DEAB64E0F}.Debug|iPhoneSimulator.Build.0 = Debug|Any CPU
		{FAF356C4-3899-4741-9D4D-726DEAB64E0F}.Release|Any CPU.ActiveCfg = Release|Any CPU
		{FAF356C4-3899-4741-9D4D-726DEAB64E0F}.Release|Any CPU.Build.0 = Release|Any CPU
		{FAF356C4-3899-4741-9D4D-726DEAB64E0F}.Release|iPhone.ActiveCfg = Release|Any CPU
		{FAF356C4-3899-4741-9D4D-726DEAB64E0F}.Release|iPhone.Build.0 = Release|Any CPU
		{FAF356C4-3899-4741-9D4D-726DEAB64E0F}.Release|iPhoneSimulator.ActiveCfg = Release|Any CPU
		{FAF356C4-3899-4741-9D4D-726DEAB64E0F}.Release|iPhoneSimulator.Build.0 = Release|Any CPU
		{1A737CC0-AB1C-4432-8851-596CDDBDFDDD}.Debug|Any CPU.ActiveCfg = Debug|Any CPU
		{1A737CC0-AB1C-4432-8851-596CDDBDFDDD}.Debug|Any CPU.Build.0 = Debug|Any CPU
		{1A737CC0-AB1C-4432-8851-596CDDBDFDDD}.Debug|iPhone.ActiveCfg = Debug|Any CPU
		{1A737CC0-AB1C-4432-8851-596CDDBDFDDD}.Debug|iPhone.Build.0 = Debug|Any CPU
		{1A737CC0-AB1C-4432-8851-596CDDBDFDDD}.Debug|iPhoneSimulator.ActiveCfg = Debug|Any CPU
		{1A737CC0-AB1C-4432-8851-596CDDBDFDDD}.Debug|iPhoneSimulator.Build.0 = Debug|Any CPU
		{1A737CC0-AB1C-4432-8851-596CDDBDFDDD}.Release|Any CPU.ActiveCfg = Release|Any CPU
		{1A737CC0-AB1C-4432-8851-596CDDBDFDDD}.Release|Any CPU.Build.0 = Release|Any CPU
		{1A737CC0-AB1C-4432-8851-596CDDBDFDDD}.Release|iPhone.ActiveCfg = Release|Any CPU
		{1A737CC0-AB1C-4432-8851-596CDDBDFDDD}.Release|iPhone.Build.0 = Release|Any CPU
		{1A737CC0-AB1C-4432-8851-596CDDBDFDDD}.Release|iPhoneSimulator.ActiveCfg = Release|Any CPU
		{1A737CC0-AB1C-4432-8851-596CDDBDFDDD}.Release|iPhoneSimulator.Build.0 = Release|Any CPU
	EndGlobalSection
	GlobalSection(SolutionProperties) = preSolution
		HideSolutionNode = FALSE
	EndGlobalSection
	GlobalSection(ExtensibilityGlobals) = postSolution
		SolutionGuid = {1F452B12-FBDE-4B77-AD6D-E64535BE6174}
	EndGlobalSection
EndGlobal
